
Microsoft Visual Studio Solution File, Format Version 12.00
# Visual Studio 15
VisualStudioVersion = 15.0.27703.1
MinimumVisualStudioVersion = 10.0.40219.1
Project("{FAE04EC0-301F-11D3-BF4B-00C04F79EFBC}") = "LabClick.Android", "LabClick\LabClick.Android\LabClick.Android.csproj", "{7F685B91-DFB1-4A84-B75A-93BE75640ECD}"
EndProject
Project("{FAE04EC0-301F-11D3-BF4B-00C04F79EFBC}") = "LabClick.iOS", "LabClick\LabClick.iOS\LabClick.iOS.csproj", "{40012AB0-B9D1-40A8-80B1-7749A16E4CE4}"
EndProject
Project("{9A19103F-16F7-4668-BE54-9A1E7A4F7556}") = "LabClick", "LabClick\LabClick\LabClick.csproj", "{4829651B-0034-4666-B000-A7276133025E}"
EndProject
Global
	GlobalSection(SolutionConfigurationPlatforms) = preSolution
		Ad-Hoc|Any CPU = Ad-Hoc|Any CPU
		Ad-Hoc|ARM = Ad-Hoc|ARM
		Ad-Hoc|iPhone = Ad-Hoc|iPhone
		Ad-Hoc|iPhoneSimulator = Ad-Hoc|iPhoneSimulator
		Ad-Hoc|x64 = Ad-Hoc|x64
		Ad-Hoc|x86 = Ad-Hoc|x86
		AppStore|Any CPU = AppStore|Any CPU
		AppStore|ARM = AppStore|ARM
		AppStore|iPhone = AppStore|iPhone
		AppStore|iPhoneSimulator = AppStore|iPhoneSimulator
		AppStore|x64 = AppStore|x64
		AppStore|x86 = AppStore|x86
		Debug|Any CPU = Debug|Any CPU
		Debug|ARM = Debug|ARM
		Debug|iPhone = Debug|iPhone
		Debug|iPhoneSimulator = Debug|iPhoneSimulator
		Debug|x64 = Debug|x64
		Debug|x86 = Debug|x86
		Release|Any CPU = Release|Any CPU
		Release|ARM = Release|ARM
		Release|iPhone = Release|iPhone
		Release|iPhoneSimulator = Release|iPhoneSimulator
		Release|x64 = Release|x64
		Release|x86 = Release|x86
	EndGlobalSection
	GlobalSection(ProjectConfigurationPlatforms) = postSolution
		{7F685B91-DFB1-4A84-B75A-93BE75640ECD}.Ad-Hoc|Any CPU.ActiveCfg = Release|Any CPU
		{7F685B91-DFB1-4A84-B75A-93BE75640ECD}.Ad-Hoc|Any CPU.Build.0 = Release|Any CPU
		{7F685B91-DFB1-4A84-B75A-93BE75640ECD}.Ad-Hoc|Any CPU.Deploy.0 = Release|Any CPU
		{7F685B91-DFB1-4A84-B75A-93BE75640ECD}.Ad-Hoc|ARM.ActiveCfg = Release|Any CPU
		{7F685B91-DFB1-4A84-B75A-93BE75640ECD}.Ad-Hoc|ARM.Build.0 = Release|Any CPU
		{7F685B91-DFB1-4A84-B75A-93BE75640ECD}.Ad-Hoc|ARM.Deploy.0 = Release|Any CPU
		{7F685B91-DFB1-4A84-B75A-93BE75640ECD}.Ad-Hoc|iPhone.ActiveCfg = Release|Any CPU
		{7F685B91-DFB1-4A84-B75A-93BE75640ECD}.Ad-Hoc|iPhone.Build.0 = Release|Any CPU
		{7F685B91-DFB1-4A84-B75A-93BE75640ECD}.Ad-Hoc|iPhone.Deploy.0 = Release|Any CPU
		{7F685B91-DFB1-4A84-B75A-93BE75640ECD}.Ad-Hoc|iPhoneSimulator.ActiveCfg = Release|Any CPU
		{7F685B91-DFB1-4A84-B75A-93BE75640ECD}.Ad-Hoc|iPhoneSimulator.Build.0 = Release|Any CPU
		{7F685B91-DFB1-4A84-B75A-93BE75640ECD}.Ad-Hoc|iPhoneSimulator.Deploy.0 = Release|Any CPU
		{7F685B91-DFB1-4A84-B75A-93BE75640ECD}.Ad-Hoc|x64.ActiveCfg = Release|Any CPU
		{7F685B91-DFB1-4A84-B75A-93BE75640ECD}.Ad-Hoc|x64.Build.0 = Release|Any CPU
		{7F685B91-DFB1-4A84-B75A-93BE75640ECD}.Ad-Hoc|x64.Deploy.0 = Release|Any CPU
		{7F685B91-DFB1-4A84-B75A-93BE75640ECD}.Ad-Hoc|x86.ActiveCfg = Release|Any CPU
		{7F685B91-DFB1-4A84-B75A-93BE75640ECD}.Ad-Hoc|x86.Build.0 = Release|Any CPU
		{7F685B91-DFB1-4A84-B75A-93BE75640ECD}.Ad-Hoc|x86.Deploy.0 = Release|Any CPU
		{7F685B91-DFB1-4A84-B75A-93BE75640ECD}.AppStore|Any CPU.ActiveCfg = Release|Any CPU
		{7F685B91-DFB1-4A84-B75A-93BE75640ECD}.AppStore|Any CPU.Build.0 = Release|Any CPU
		{7F685B91-DFB1-4A84-B75A-93BE75640ECD}.AppStore|Any CPU.Deploy.0 = Release|Any CPU
		{7F685B91-DFB1-4A84-B75A-93BE75640ECD}.AppStore|ARM.ActiveCfg = Release|Any CPU
		{7F685B91-DFB1-4A84-B75A-93BE75640ECD}.AppStore|ARM.Build.0 = Release|Any CPU
		{7F685B91-DFB1-4A84-B75A-93BE75640ECD}.AppStore|ARM.Deploy.0 = Release|Any CPU
		{7F685B91-DFB1-4A84-B75A-93BE75640ECD}.AppStore|iPhone.ActiveCfg = Release|Any CPU
		{7F685B91-DFB1-4A84-B75A-93BE75640ECD}.AppStore|iPhone.Build.0 = Release|Any CPU
		{7F685B91-DFB1-4A84-B75A-93BE75640ECD}.AppStore|iPhone.Deploy.0 = Release|Any CPU
		{7F685B91-DFB1-4A84-B75A-93BE75640ECD}.AppStore|iPhoneSimulator.ActiveCfg = Release|Any CPU
		{7F685B91-DFB1-4A84-B75A-93BE75640ECD}.AppStore|iPhoneSimulator.Build.0 = Release|Any CPU
		{7F685B91-DFB1-4A84-B75A-93BE75640ECD}.AppStore|iPhoneSimulator.Deploy.0 = Release|Any CPU
		{7F685B91-DFB1-4A84-B75A-93BE75640ECD}.AppStore|x64.ActiveCfg = Release|Any CPU
		{7F685B91-DFB1-4A84-B75A-93BE75640ECD}.AppStore|x64.Build.0 = Release|Any CPU
		{7F685B91-DFB1-4A84-B75A-93BE75640ECD}.AppStore|x64.Deploy.0 = Release|Any CPU
		{7F685B91-DFB1-4A84-B75A-93BE75640ECD}.AppStore|x86.ActiveCfg = Release|Any CPU
		{7F685B91-DFB1-4A84-B75A-93BE75640ECD}.AppStore|x86.Build.0 = Release|Any CPU
		{7F685B91-DFB1-4A84-B75A-93BE75640ECD}.AppStore|x86.Deploy.0 = Release|Any CPU
		{7F685B91-DFB1-4A84-B75A-93BE75640ECD}.Debug|Any CPU.ActiveCfg = Debug|Any CPU
		{7F685B91-DFB1-4A84-B75A-93BE75640ECD}.Debug|Any CPU.Deploy.0 = Debug|Any CPU
		{7F685B91-DFB1-4A84-B75A-93BE75640ECD}.Debug|ARM.ActiveCfg = Debug|Any CPU
		{7F685B91-DFB1-4A84-B75A-93BE75640ECD}.Debug|ARM.Build.0 = Debug|Any CPU
		{7F685B91-DFB1-4A84-B75A-93BE75640ECD}.Debug|ARM.Deploy.0 = Debug|Any CPU
		{7F685B91-DFB1-4A84-B75A-93BE75640ECD}.Debug|iPhone.ActiveCfg = Debug|Any CPU
		{7F685B91-DFB1-4A84-B75A-93BE75640ECD}.Debug|iPhone.Build.0 = Debug|Any CPU
		{7F685B91-DFB1-4A84-B75A-93BE75640ECD}.Debug|iPhone.Deploy.0 = Debug|Any CPU
		{7F685B91-DFB1-4A84-B75A-93BE75640ECD}.Debug|iPhoneSimulator.ActiveCfg = Debug|Any CPU
		{7F685B91-DFB1-4A84-B75A-93BE75640ECD}.Debug|iPhoneSimulator.Build.0 = Debug|Any CPU
		{7F685B91-DFB1-4A84-B75A-93BE75640ECD}.Debug|iPhoneSimulator.Deploy.0 = Debug|Any CPU
		{7F685B91-DFB1-4A84-B75A-93BE75640ECD}.Debug|x64.ActiveCfg = Debug|Any CPU
		{7F685B91-DFB1-4A84-B75A-93BE75640ECD}.Debug|x64.Build.0 = Debug|Any CPU
		{7F685B91-DFB1-4A84-B75A-93BE75640ECD}.Debug|x64.Deploy.0 = Debug|Any CPU
		{7F685B91-DFB1-4A84-B75A-93BE75640ECD}.Debug|x86.ActiveCfg = Debug|Any CPU
		{7F685B91-DFB1-4A84-B75A-93BE75640ECD}.Debug|x86.Build.0 = Debug|Any CPU
		{7F685B91-DFB1-4A84-B75A-93BE75640ECD}.Debug|x86.Deploy.0 = Debug|Any CPU
		{7F685B91-DFB1-4A84-B75A-93BE75640ECD}.Release|Any CPU.ActiveCfg = Release|Any CPU
		{7F685B91-DFB1-4A84-B75A-93BE75640ECD}.Release|Any CPU.Build.0 = Release|Any CPU
		{7F685B91-DFB1-4A84-B75A-93BE75640ECD}.Release|Any CPU.Deploy.0 = Release|Any CPU
		{7F685B91-DFB1-4A84-B75A-93BE75640ECD}.Release|ARM.ActiveCfg = Release|Any CPU
		{7F685B91-DFB1-4A84-B75A-93BE75640ECD}.Release|ARM.Build.0 = Release|Any CPU
		{7F685B91-DFB1-4A84-B75A-93BE75640ECD}.Release|ARM.Deploy.0 = Release|Any CPU
		{7F685B91-DFB1-4A84-B75A-93BE75640ECD}.Release|iPhone.ActiveCfg = Release|Any CPU
		{7F685B91-DFB1-4A84-B75A-93BE75640ECD}.Release|iPhone.Build.0 = Release|Any CPU
		{7F685B91-DFB1-4A84-B75A-93BE75640ECD}.Release|iPhone.Deploy.0 = Release|Any CPU
		{7F685B91-DFB1-4A84-B75A-93BE75640ECD}.Release|iPhoneSimulator.ActiveCfg = Release|Any CPU
		{7F685B91-DFB1-4A84-B75A-93BE75640ECD}.Release|iPhoneSimulator.Build.0 = Release|Any CPU
		{7F685B91-DFB1-4A84-B75A-93BE75640ECD}.Release|iPhoneSimulator.Deploy.0 = Release|Any CPU
		{7F685B91-DFB1-4A84-B75A-93BE75640ECD}.Release|x64.ActiveCfg = Release|Any CPU
		{7F685B91-DFB1-4A84-B75A-93BE75640ECD}.Release|x64.Build.0 = Release|Any CPU
		{7F685B91-DFB1-4A84-B75A-93BE75640ECD}.Release|x64.Deploy.0 = Release|Any CPU
		{7F685B91-DFB1-4A84-B75A-93BE75640ECD}.Release|x86.ActiveCfg = Release|Any CPU
		{7F685B91-DFB1-4A84-B75A-93BE75640ECD}.Release|x86.Build.0 = Release|Any CPU
		{7F685B91-DFB1-4A84-B75A-93BE75640ECD}.Release|x86.Deploy.0 = Release|Any CPU
		{40012AB0-B9D1-40A8-80B1-7749A16E4CE4}.Ad-Hoc|Any CPU.ActiveCfg = Ad-Hoc|iPhone
		{40012AB0-B9D1-40A8-80B1-7749A16E4CE4}.Ad-Hoc|Any CPU.Build.0 = Ad-Hoc|iPhone
		{40012AB0-B9D1-40A8-80B1-7749A16E4CE4}.Ad-Hoc|Any CPU.Deploy.0 = Ad-Hoc|iPhone
		{40012AB0-B9D1-40A8-80B1-7749A16E4CE4}.Ad-Hoc|ARM.ActiveCfg = Ad-Hoc|iPhone
		{40012AB0-B9D1-40A8-80B1-7749A16E4CE4}.Ad-Hoc|ARM.Build.0 = Ad-Hoc|iPhone
		{40012AB0-B9D1-40A8-80B1-7749A16E4CE4}.Ad-Hoc|ARM.Deploy.0 = Ad-Hoc|iPhone
		{40012AB0-B9D1-40A8-80B1-7749A16E4CE4}.Ad-Hoc|iPhone.ActiveCfg = Ad-Hoc|iPhone
		{40012AB0-B9D1-40A8-80B1-7749A16E4CE4}.Ad-Hoc|iPhone.Build.0 = Ad-Hoc|iPhone
		{40012AB0-B9D1-40A8-80B1-7749A16E4CE4}.Ad-Hoc|iPhone.Deploy.0 = Ad-Hoc|iPhone
		{40012AB0-B9D1-40A8-80B1-7749A16E4CE4}.Ad-Hoc|iPhoneSimulator.ActiveCfg = Ad-Hoc|iPhoneSimulator
		{40012AB0-B9D1-40A8-80B1-7749A16E4CE4}.Ad-Hoc|iPhoneSimulator.Build.0 = Ad-Hoc|iPhoneSimulator
		{40012AB0-B9D1-40A8-80B1-7749A16E4CE4}.Ad-Hoc|iPhoneSimulator.Deploy.0 = Ad-Hoc|iPhoneSimulator
		{40012AB0-B9D1-40A8-80B1-7749A16E4CE4}.Ad-Hoc|x64.ActiveCfg = Ad-Hoc|iPhone
		{40012AB0-B9D1-40A8-80B1-7749A16E4CE4}.Ad-Hoc|x64.Build.0 = Ad-Hoc|iPhone
		{40012AB0-B9D1-40A8-80B1-7749A16E4CE4}.Ad-Hoc|x64.Deploy.0 = Ad-Hoc|iPhone
		{40012AB0-B9D1-40A8-80B1-7749A16E4CE4}.Ad-Hoc|x86.ActiveCfg = Ad-Hoc|iPhone
		{40012AB0-B9D1-40A8-80B1-7749A16E4CE4}.Ad-Hoc|x86.Build.0 = Ad-Hoc|iPhone
		{40012AB0-B9D1-40A8-80B1-7749A16E4CE4}.Ad-Hoc|x86.Deploy.0 = Ad-Hoc|iPhone
		{40012AB0-B9D1-40A8-80B1-7749A16E4CE4}.AppStore|Any CPU.ActiveCfg = AppStore|iPhone
		{40012AB0-B9D1-40A8-80B1-7749A16E4CE4}.AppStore|Any CPU.Build.0 = AppStore|iPhone
		{40012AB0-B9D1-40A8-80B1-7749A16E4CE4}.AppStore|Any CPU.Deploy.0 = AppStore|iPhone
		{40012AB0-B9D1-40A8-80B1-7749A16E4CE4}.AppStore|ARM.ActiveCfg = AppStore|iPhone
		{40012AB0-B9D1-40A8-80B1-7749A16E4CE4}.AppStore|ARM.Build.0 = AppStore|iPhone
		{40012AB0-B9D1-40A8-80B1-7749A16E4CE4}.AppStore|ARM.Deploy.0 = AppStore|iPhone
		{40012AB0-B9D1-40A8-80B1-7749A16E4CE4}.AppStore|iPhone.ActiveCfg = AppStore|iPhone
		{40012AB0-B9D1-40A8-80B1-7749A16E4CE4}.AppStore|iPhone.Build.0 = AppStore|iPhone
		{40012AB0-B9D1-40A8-80B1-7749A16E4CE4}.AppStore|iPhone.Deploy.0 = AppStore|iPhone
		{40012AB0-B9D1-40A8-80B1-7749A16E4CE4}.AppStore|iPhoneSimulator.ActiveCfg = AppStore|iPhoneSimulator
		{40012AB0-B9D1-40A8-80B1-7749A16E4CE4}.AppStore|iPhoneSimulator.Build.0 = AppStore|iPhoneSimulator
		{40012AB0-B9D1-40A8-80B1-7749A16E4CE4}.AppStore|iPhoneSimulator.Deploy.0 = AppStore|iPhoneSimulator
		{40012AB0-B9D1-40A8-80B1-7749A16E4CE4}.AppStore|x64.ActiveCfg = AppStore|iPhone
		{40012AB0-B9D1-40A8-80B1-7749A16E4CE4}.AppStore|x64.Build.0 = AppStore|iPhone
		{40012AB0-B9D1-40A8-80B1-7749A16E4CE4}.AppStore|x64.Deploy.0 = AppStore|iPhone
		{40012AB0-B9D1-40A8-80B1-7749A16E4CE4}.AppStore|x86.ActiveCfg = AppStore|iPhone
		{40012AB0-B9D1-40A8-80B1-7749A16E4CE4}.AppStore|x86.Build.0 = AppStore|iPhone
		{40012AB0-B9D1-40A8-80B1-7749A16E4CE4}.AppStore|x86.Deploy.0 = AppStore|iPhone
		{40012AB0-B9D1-40A8-80B1-7749A16E4CE4}.Debug|Any CPU.ActiveCfg = Debug|iPhoneSimulator
		{40012AB0-B9D1-40A8-80B1-7749A16E4CE4}.Debug|Any CPU.Deploy.0 = Debug|iPhoneSimulator
		{40012AB0-B9D1-40A8-80B1-7749A16E4CE4}.Debug|ARM.ActiveCfg = Debug|iPhone
		{40012AB0-B9D1-40A8-80B1-7749A16E4CE4}.Debug|ARM.Build.0 = Debug|iPhone
		{40012AB0-B9D1-40A8-80B1-7749A16E4CE4}.Debug|ARM.Deploy.0 = Debug|iPhone
		{40012AB0-B9D1-40A8-80B1-7749A16E4CE4}.Debug|iPhone.ActiveCfg = Debug|iPhone
		{40012AB0-B9D1-40A8-80B1-7749A16E4CE4}.Debug|iPhone.Build.0 = Debug|iPhone
		{40012AB0-B9D1-40A8-80B1-7749A16E4CE4}.Debug|iPhone.Deploy.0 = Debug|iPhone
		{40012AB0-B9D1-40A8-80B1-7749A16E4CE4}.Debug|iPhoneSimulator.ActiveCfg = Debug|iPhoneSimulator
		{40012AB0-B9D1-40A8-80B1-7749A16E4CE4}.Debug|iPhoneSimulator.Build.0 = Debug|iPhoneSimulator
		{40012AB0-B9D1-40A8-80B1-7749A16E4CE4}.Debug|iPhoneSimulator.Deploy.0 = Debug|iPhoneSimulator
		{40012AB0-B9D1-40A8-80B1-7749A16E4CE4}.Debug|x64.ActiveCfg = Debug|iPhone
		{40012AB0-B9D1-40A8-80B1-7749A16E4CE4}.Debug|x64.Build.0 = Debug|iPhone
		{40012AB0-B9D1-40A8-80B1-7749A16E4CE4}.Debug|x64.Deploy.0 = Debug|iPhone
		{40012AB0-B9D1-40A8-80B1-7749A16E4CE4}.Debug|x86.ActiveCfg = Debug|iPhone
		{40012AB0-B9D1-40A8-80B1-7749A16E4CE4}.Debug|x86.Build.0 = Debug|iPhone
		{40012AB0-B9D1-40A8-80B1-7749A16E4CE4}.Debug|x86.Deploy.0 = Debug|iPhone
		{40012AB0-B9D1-40A8-80B1-7749A16E4CE4}.Release|Any CPU.ActiveCfg = Release|iPhone
		{40012AB0-B9D1-40A8-80B1-7749A16E4CE4}.Release|Any CPU.Deploy.0 = Release|iPhone
		{40012AB0-B9D1-40A8-80B1-7749A16E4CE4}.Release|ARM.ActiveCfg = Release|iPhone
		{40012AB0-B9D1-40A8-80B1-7749A16E4CE4}.Release|ARM.Build.0 = Release|iPhone
		{40012AB0-B9D1-40A8-80B1-7749A16E4CE4}.Release|ARM.Deploy.0 = Release|iPhone
		{40012AB0-B9D1-40A8-80B1-7749A16E4CE4}.Release|iPhone.ActiveCfg = Release|iPhone
		{40012AB0-B9D1-40A8-80B1-7749A16E4CE4}.Release|iPhone.Build.0 = Release|iPhone
		{40012AB0-B9D1-40A8-80B1-7749A16E4CE4}.Release|iPhone.Deploy.0 = Release|iPhone
		{40012AB0-B9D1-40A8-80B1-7749A16E4CE4}.Release|iPhoneSimulator.ActiveCfg = Release|iPhoneSimulator
		{40012AB0-B9D1-40A8-80B1-7749A16E4CE4}.Release|iPhoneSimulator.Build.0 = Release|iPhoneSimulator
		{40012AB0-B9D1-40A8-80B1-7749A16E4CE4}.Release|iPhoneSimulator.Deploy.0 = Release|iPhoneSimulator
		{40012AB0-B9D1-40A8-80B1-7749A16E4CE4}.Release|x64.ActiveCfg = Release|iPhone
		{40012AB0-B9D1-40A8-80B1-7749A16E4CE4}.Release|x64.Build.0 = Release|iPhone
		{40012AB0-B9D1-40A8-80B1-7749A16E4CE4}.Release|x64.Deploy.0 = Release|iPhone
		{40012AB0-B9D1-40A8-80B1-7749A16E4CE4}.Release|x86.ActiveCfg = Release|iPhone
		{40012AB0-B9D1-40A8-80B1-7749A16E4CE4}.Release|x86.Build.0 = Release|iPhone
		{40012AB0-B9D1-40A8-80B1-7749A16E4CE4}.Release|x86.Deploy.0 = Release|iPhone
		{4829651B-0034-4666-B000-A7276133025E}.Ad-Hoc|Any CPU.ActiveCfg = Debug|Any CPU
		{4829651B-0034-4666-B000-A7276133025E}.Ad-Hoc|Any CPU.Build.0 = Debug|Any CPU
		{4829651B-0034-4666-B000-A7276133025E}.Ad-Hoc|Any CPU.Deploy.0 = Debug|Any CPU
		{4829651B-0034-4666-B000-A7276133025E}.Ad-Hoc|ARM.ActiveCfg = Debug|Any CPU
		{4829651B-0034-4666-B000-A7276133025E}.Ad-Hoc|ARM.Build.0 = Debug|Any CPU
		{4829651B-0034-4666-B000-A7276133025E}.Ad-Hoc|ARM.Deploy.0 = Debug|Any CPU
		{4829651B-0034-4666-B000-A7276133025E}.Ad-Hoc|iPhone.ActiveCfg = Debug|Any CPU
		{4829651B-0034-4666-B000-A7276133025E}.Ad-Hoc|iPhone.Build.0 = Debug|Any CPU
		{4829651B-0034-4666-B000-A7276133025E}.Ad-Hoc|iPhone.Deploy.0 = Debug|Any CPU
		{4829651B-0034-4666-B000-A7276133025E}.Ad-Hoc|iPhoneSimulator.ActiveCfg = Debug|Any CPU
		{4829651B-0034-4666-B000-A7276133025E}.Ad-Hoc|iPhoneSimulator.Build.0 = Debug|Any CPU
		{4829651B-0034-4666-B000-A7276133025E}.Ad-Hoc|iPhoneSimulator.Deploy.0 = Debug|Any CPU
		{4829651B-0034-4666-B000-A7276133025E}.Ad-Hoc|x64.ActiveCfg = Debug|Any CPU
		{4829651B-0034-4666-B000-A7276133025E}.Ad-Hoc|x64.Build.0 = Debug|Any CPU
		{4829651B-0034-4666-B000-A7276133025E}.Ad-Hoc|x64.Deploy.0 = Debug|Any CPU
		{4829651B-0034-4666-B000-A7276133025E}.Ad-Hoc|x86.ActiveCfg = Debug|Any CPU
		{4829651B-0034-4666-B000-A7276133025E}.Ad-Hoc|x86.Build.0 = Debug|Any CPU
		{4829651B-0034-4666-B000-A7276133025E}.Ad-Hoc|x86.Deploy.0 = Debug|Any CPU
		{4829651B-0034-4666-B000-A7276133025E}.AppStore|Any CPU.ActiveCfg = Debug|Any CPU
		{4829651B-0034-4666-B000-A7276133025E}.AppStore|Any CPU.Build.0 = Debug|Any CPU
		{4829651B-0034-4666-B000-A7276133025E}.AppStore|Any CPU.Deploy.0 = Debug|Any CPU
		{4829651B-0034-4666-B000-A7276133025E}.AppStore|ARM.ActiveCfg = Debug|Any CPU
		{4829651B-0034-4666-B000-A7276133025E}.AppStore|ARM.Build.0 = Debug|Any CPU
		{4829651B-0034-4666-B000-A7276133025E}.AppStore|ARM.Deploy.0 = Debug|Any CPU
		{4829651B-0034-4666-B000-A7276133025E}.AppStore|iPhone.ActiveCfg = Debug|Any CPU
		{4829651B-0034-4666-B000-A7276133025E}.AppStore|iPhone.Build.0 = Debug|Any CPU
		{4829651B-0034-4666-B000-A7276133025E}.AppStore|iPhone.Deploy.0 = Debug|Any CPU
		{4829651B-0034-4666-B000-A7276133025E}.AppStore|iPhoneSimulator.ActiveCfg = Debug|Any CPU
		{4829651B-0034-4666-B000-A7276133025E}.AppStore|iPhoneSimulator.Build.0 = Debug|Any CPU
		{4829651B-0034-4666-B000-A7276133025E}.AppStore|iPhoneSimulator.Deploy.0 = Debug|Any CPU
		{4829651B-0034-4666-B000-A7276133025E}.AppStore|x64.ActiveCfg = Debug|Any CPU
		{4829651B-0034-4666-B000-A7276133025E}.AppStore|x64.Build.0 = Debug|Any CPU
		{4829651B-0034-4666-B000-A7276133025E}.AppStore|x64.Deploy.0 = Debug|Any CPU
		{4829651B-0034-4666-B000-A7276133025E}.AppStore|x86.ActiveCfg = Debug|Any CPU
		{4829651B-0034-4666-B000-A7276133025E}.AppStore|x86.Build.0 = Debug|Any CPU
		{4829651B-0034-4666-B000-A7276133025E}.AppStore|x86.Deploy.0 = Debug|Any CPU
		{4829651B-0034-4666-B000-A7276133025E}.Debug|Any CPU.ActiveCfg = Debug|Any CPU
		{4829651B-0034-4666-B000-A7276133025E}.Debug|Any CPU.Build.0 = Debug|Any CPU
		{4829651B-0034-4666-B000-A7276133025E}.Debug|Any CPU.Deploy.0 = Debug|Any CPU
		{4829651B-0034-4666-B000-A7276133025E}.Debug|ARM.ActiveCfg = Debug|Any CPU
		{4829651B-0034-4666-B000-A7276133025E}.Debug|ARM.Build.0 = Debug|Any CPU
		{4829651B-0034-4666-B000-A7276133025E}.Debug|ARM.Deploy.0 = Debug|Any CPU
		{4829651B-0034-4666-B000-A7276133025E}.Debug|iPhone.ActiveCfg = Debug|Any CPU
		{4829651B-0034-4666-B000-A7276133025E}.Debug|iPhone.Build.0 = Debug|Any CPU
		{4829651B-0034-4666-B000-A7276133025E}.Debug|iPhone.Deploy.0 = Debug|Any CPU
		{4829651B-0034-4666-B000-A7276133025E}.Debug|iPhoneSimulator.ActiveCfg = Debug|Any CPU
		{4829651B-0034-4666-B000-A7276133025E}.Debug|iPhoneSimulator.Build.0 = Debug|Any CPU
		{4829651B-0034-4666-B000-A7276133025E}.Debug|iPhoneSimulator.Deploy.0 = Debug|Any CPU
		{4829651B-0034-4666-B000-A7276133025E}.Debug|x64.ActiveCfg = Debug|Any CPU
		{4829651B-0034-4666-B000-A7276133025E}.Debug|x64.Build.0 = Debug|Any CPU
		{4829651B-0034-4666-B000-A7276133025E}.Debug|x64.Deploy.0 = Debug|Any CPU
		{4829651B-0034-4666-B000-A7276133025E}.Debug|x86.ActiveCfg = Debug|Any CPU
		{4829651B-0034-4666-B000-A7276133025E}.Debug|x86.Build.0 = Debug|Any CPU
		{4829651B-0034-4666-B000-A7276133025E}.Debug|x86.Deploy.0 = Debug|Any CPU
		{4829651B-0034-4666-B000-A7276133025E}.Release|Any CPU.ActiveCfg = Release|Any CPU
		{4829651B-0034-4666-B000-A7276133025E}.Release|Any CPU.Build.0 = Release|Any CPU
		{4829651B-0034-4666-B000-A7276133025E}.Release|Any CPU.Deploy.0 = Release|Any CPU
		{4829651B-0034-4666-B000-A7276133025E}.Release|ARM.ActiveCfg = Release|Any CPU
		{4829651B-0034-4666-B000-A7276133025E}.Release|ARM.Build.0 = Release|Any CPU
		{4829651B-0034-4666-B000-A7276133025E}.Release|ARM.Deploy.0 = Release|Any CPU
		{4829651B-0034-4666-B000-A7276133025E}.Release|iPhone.ActiveCfg = Release|Any CPU
		{4829651B-0034-4666-B000-A7276133025E}.Release|iPhone.Build.0 = Release|Any CPU
		{4829651B-0034-4666-B000-A7276133025E}.Release|iPhone.Deploy.0 = Release|Any CPU
		{4829651B-0034-4666-B000-A7276133025E}.Release|iPhoneSimulator.ActiveCfg = Release|Any CPU
		{4829651B-0034-4666-B000-A7276133025E}.Release|iPhoneSimulator.Build.0 = Release|Any CPU
		{4829651B-0034-4666-B000-A7276133025E}.Release|iPhoneSimulator.Deploy.0 = Release|Any CPU
		{4829651B-0034-4666-B000-A7276133025E}.Release|x64.ActiveCfg = Release|Any CPU
		{4829651B-0034-4666-B000-A7276133025E}.Release|x64.Build.0 = Release|Any CPU
		{4829651B-0034-4666-B000-A7276133025E}.Release|x64.Deploy.0 = Release|Any CPU
		{4829651B-0034-4666-B000-A7276133025E}.Release|x86.ActiveCfg = Release|Any CPU
		{4829651B-0034-4666-B000-A7276133025E}.Release|x86.Build.0 = Release|Any CPU
		{4829651B-0034-4666-B000-A7276133025E}.Release|x86.Deploy.0 = Release|Any CPU
	EndGlobalSection
	GlobalSection(SolutionProperties) = preSolution
		HideSolutionNode = FALSE
	EndGlobalSection
	GlobalSection(ExtensibilityGlobals) = postSolution
		SolutionGuid = {5FCF824B-FDC3-446E-A91F-2637FF058F1A}
	EndGlobalSection
EndGlobal
